
Microsoft Visual Studio Solution File, Format Version 12.00
# Visual Studio Version 17
VisualStudioVersion = 17.9.34728.123
MinimumVisualStudioVersion = 10.0.40219.1
Project("{9A19103F-16F7-4668-BE54-9A1E7A4F7556}") = "desafio.api", "src\desafio.api.csproj", "{EFADAE8F-C397-4D33-8CC5-CBDE4CD688E7}"
EndProject
Global
	GlobalSection(SolutionConfigurationPlatforms) = preSolution
		Debug|Any CPU = Debug|Any CPU
		Release|Any CPU = Release|Any CPU
	EndGlobalSection
	GlobalSection(ProjectConfigurationPlatforms) = postSolution
		{EFADAE8F-C397-4D33-8CC5-CBDE4CD688E7}.Debug|Any CPU.ActiveCfg = Debug|Any CPU
		{EFADAE8F-C397-4D33-8CC5-CBDE4CD688E7}.Debug|Any CPU.Build.0 = Debug|Any CPU
		{EFADAE8F-C397-4D33-8CC5-CBDE4CD688E7}.Release|Any CPU.ActiveCfg = Release|Any CPU
		{EFADAE8F-C397-4D33-8CC5-CBDE4CD688E7}.Release|Any CPU.Build.0 = Release|Any CPU
	EndGlobalSection
	GlobalSection(SolutionProperties) = preSolution
		HideSolutionNode = FALSE
	EndGlobalSection
	GlobalSection(ExtensibilityGlobals) = postSolution
		SolutionGuid = {9870B29A-719E-4B59-AC51-605CEBE85959}
	EndGlobalSection
EndGlobal
